
Microsoft Visual Studio Solution File, Format Version 12.00
# Visual Studio 15
VisualStudioVersion = 15.0.27130.2024
MinimumVisualStudioVersion = 10.0.40219.1
Project("{8BC9CEB8-8B4A-11D0-8D11-00A0C91BC942}") = "baekjoon_9243", "baekjoon_9243\baekjoon_9243.vcxproj", "{1A3C351B-C251-43E7-B34B-F536ED2A99CB}"
EndProject
Global
	GlobalSection(SolutionConfigurationPlatforms) = preSolution
		Debug|x64 = Debug|x64
		Debug|x86 = Debug|x86
		Release|x64 = Release|x64
		Release|x86 = Release|x86
	EndGlobalSection
	GlobalSection(ProjectConfigurationPlatforms) = postSolution
		{1A3C351B-C251-43E7-B34B-F536ED2A99CB}.Debug|x64.ActiveCfg = Debug|x64
		{1A3C351B-C251-43E7-B34B-F536ED2A99CB}.Debug|x64.Build.0 = Debug|x64
		{1A3C351B-C251-43E7-B34B-F536ED2A99CB}.Debug|x86.ActiveCfg = Debug|Win32
		{1A3C351B-C251-43E7-B34B-F536ED2A99CB}.Debug|x86.Build.0 = Debug|Win32
		{1A3C351B-C251-43E7-B34B-F536ED2A99CB}.Release|x64.ActiveCfg = Release|x64
		{1A3C351B-C251-43E7-B34B-F536ED2A99CB}.Release|x64.Build.0 = Release|x64
		{1A3C351B-C251-43E7-B34B-F536ED2A99CB}.Release|x86.ActiveCfg = Release|Win32
		{1A3C351B-C251-43E7-B34B-F536ED2A99CB}.Release|x86.Build.0 = Release|Win32
	EndGlobalSection
	GlobalSection(SolutionProperties) = preSolution
		HideSolutionNode = FALSE
	EndGlobalSection
	GlobalSection(ExtensibilityGlobals) = postSolution
		SolutionGuid = {26C99773-3342-48BE-A9E0-C5BBC4F99317}
	EndGlobalSection
EndGlobal
